{
  "pins" : [
    {
      "identity" : "swift-collections",
      "kind" : "remoteSourceControl",
      "location" : "https://github.com/apple/swift-collections.git",
      "state" : {
        "revision" : "671108c96644956dddcd89dd59c203dcdb36cec7",
        "version" : "1.1.4"
      }
    },
    {
      "identity" : "swiftgd",
      "kind" : "remoteSourceControl",
      "location" : "https://github.com/twostraws/SwiftGD",
      "state" : {
        "revision" : "1960998971b453101e740f25bc6d9fb01e0ba225",
        "version" : "2.5.0"
      }
    }
  ],
  "version" : 2
}
